
Microsoft Visual Studio Solution File, Format Version 12.00
# Visual Studio Version 16
VisualStudioVersion = 16.0.30128.74
MinimumVisualStudioVersion = 10.0.40219.1
Project("{FAE04EC0-301F-11D3-BF4B-00C04F79EFBC}") = "MTest", "MTest\MTest.csproj", "{0D37D618-C2FA-44F1-AA69-9C81124806FF}"
EndProject
Project("{FAE04EC0-301F-11D3-BF4B-00C04F79EFBC}") = "MTestTests", "MTestTests\MTestTests.csproj", "{2CECE38A-6035-4B87-8CDE-2E967CD8E7BC}"
EndProject
Global
	GlobalSection(SolutionConfigurationPlatforms) = preSolution
		Debug|Any CPU = Debug|Any CPU
		Release|Any CPU = Release|Any CPU
	EndGlobalSection
	GlobalSection(ProjectConfigurationPlatforms) = postSolution
		{0D37D618-C2FA-44F1-AA69-9C81124806FF}.Debug|Any CPU.ActiveCfg = Debug|Any CPU
		{0D37D618-C2FA-44F1-AA69-9C81124806FF}.Debug|Any CPU.Build.0 = Debug|Any CPU
		{0D37D618-C2FA-44F1-AA69-9C81124806FF}.Release|Any CPU.ActiveCfg = Release|Any CPU
		{0D37D618-C2FA-44F1-AA69-9C81124806FF}.Release|Any CPU.Build.0 = Release|Any CPU
		{2CECE38A-6035-4B87-8CDE-2E967CD8E7BC}.Debug|Any CPU.ActiveCfg = Debug|Any CPU
		{2CECE38A-6035-4B87-8CDE-2E967CD8E7BC}.Debug|Any CPU.Build.0 = Debug|Any CPU
		{2CECE38A-6035-4B87-8CDE-2E967CD8E7BC}.Release|Any CPU.ActiveCfg = Release|Any CPU
		{2CECE38A-6035-4B87-8CDE-2E967CD8E7BC}.Release|Any CPU.Build.0 = Release|Any CPU
	EndGlobalSection
	GlobalSection(SolutionProperties) = preSolution
		HideSolutionNode = FALSE
	EndGlobalSection
	GlobalSection(ExtensibilityGlobals) = postSolution
		SolutionGuid = {95FF3CBB-E215-48C3-B95B-444A26DE76CD}
	EndGlobalSection
EndGlobal
